// !$*UTF8*$!
{
	archiveVersion = 1;
	classes = {
	};
	objectVersion = 46;
	objects = {

/* Begin PBXBuildFile section */
		3D12B03615078ECA00243103 /* UIKit.framework in Frameworks */ = {isa = PBXBuildFile; fileRef = 3D12B03515078ECA00243103 /* UIKit.framework */; };
		3D12B03815078ECA00243103 /* Foundation.framework in Frameworks */ = {isa = PBXBuildFile; fileRef = 3D12B03715078ECA00243103 /* Foundation.framework */; };
		3D12B03A15078ECA00243103 /* CoreGraphics.framework in Frameworks */ = {isa = PBXBuildFile; fileRef = 3D12B03915078ECA00243103 /* CoreGraphics.framework */; };
		3D12B04015078ECA00243103 /* InfoPlist.strings in Resources */ = {isa = PBXBuildFile; fileRef = 3D12B03E15078ECA00243103 /* InfoPlist.strings */; };
		3D12B04215078ECA00243103 /* main.m in Sources */ = {isa = PBXBuildFile; fileRef = 3D12B04115078ECA00243103 /* main.m */; };
		3D12B04615078ECA00243103 /* AppDelegate.m in Sources */ = {isa = PBXBuildFile; fileRef = 3D12B04515078ECA00243103 /* AppDelegate.m */; };
		3D12B04915078ECA00243103 /* MainStoryboard.storyboard in Resources */ = {isa = PBXBuildFile; fileRef = 3D12B04715078ECA00243103 /* MainStoryboard.storyboard */; };
		3D12B04C15078ECA00243103 /* ViewController.m in Sources */ = {isa = PBXBuildFile; fileRef = 3D12B04B15078ECA00243103 /* ViewController.m */; };
		3D12B05415079D8A00243103 /* Default.png in Resources */ = {isa = PBXBuildFile; fileRef = 3D12B05315079D8A00243103 /* Default.png */; };
		3D2CC833150FAAB00026930F /* Untitled-1.png in Resources */ = {isa = PBXBuildFile; fileRef = 3D2CC832150FAAB00026930F /* Untitled-1.png */; };
		3D713C36151FCC2A0008EA10 /* user.png in Resources */ = {isa = PBXBuildFile; fileRef = 3D713C35151FCC2A0008EA10 /* user.png */; };
		3D713C3A151FCCF10008EA10 /* MBProgressHUD.m in Sources */ = {isa = PBXBuildFile; fileRef = 3D713C39151FCCF10008EA10 /* MBProgressHUD.m */; };
		3D9142CF150F95FF00351DB9 /* home_icon&48.png in Resources */ = {isa = PBXBuildFile; fileRef = 3D9142CE150F95FF00351DB9 /* home_icon&48.png */; };
		3D9142D9150F96CE00351DB9 /* cube_icon&48.png in Resources */ = {isa = PBXBuildFile; fileRef = 3D9142D0150F96CE00351DB9 /* cube_icon&48.png */; };
		3D9142DA150F96CE00351DB9 /* globe_3_icon&48.png in Resources */ = {isa = PBXBuildFile; fileRef = 3D9142D1150F96CE00351DB9 /* globe_3_icon&48.png */; };
		3D9142DB150F96CE00351DB9 /* lightbulb_icon&48.png in Resources */ = {isa = PBXBuildFile; fileRef = 3D9142D2150F96CE00351DB9 /* lightbulb_icon&48.png */; };
		3D9142DC150F96CE00351DB9 /* mail_icon&48.png in Resources */ = {isa = PBXBuildFile; fileRef = 3D9142D3150F96CE00351DB9 /* mail_icon&48.png */; };
		3D9142DD150F96CE00351DB9 /* net_comp_icon&48.png in Resources */ = {isa = PBXBuildFile; fileRef = 3D9142D4150F96CE00351DB9 /* net_comp_icon&48.png */; };
		3D9142DE150F96CE00351DB9 /* shield_icon&48.png in Resources */ = {isa = PBXBuildFile; fileRef = 3D9142D5150F96CE00351DB9 /* shield_icon&48.png */; };
		3D9142DF150F96CE00351DB9 /* users_icon&48.png in Resources */ = {isa = PBXBuildFile; fileRef = 3D9142D6150F96CE00351DB9 /* users_icon&48.png */; };
		3D9142E0150F96CE00351DB9 /* wrench_plus_2_icon&48.png in Resources */ = {isa = PBXBuildFile; fileRef = 3D9142D7150F96CE00351DB9 /* wrench_plus_2_icon&48.png */; };
		3D9142E1150F96CE00351DB9 /* zoom_icon&48.png in Resources */ = {isa = PBXBuildFile; fileRef = 3D9142D8150F96CE00351DB9 /* zoom_icon&48.png */; };
		3D9142E4150F97F400351DB9 /* connect_icon&16.png in Resources */ = {isa = PBXBuildFile; fileRef = 3D9142E2150F97F400351DB9 /* connect_icon&16.png */; };
		3D9142E5150F97F400351DB9 /* connect_icon&24.png in Resources */ = {isa = PBXBuildFile; fileRef = 3D9142E3150F97F400351DB9 /* connect_icon&24.png */; };
		3D9AF55D15176CEE00B0697E /* NoticeViewController.m in Sources */ = {isa = PBXBuildFile; fileRef = 3D9AF55C15176CEE00B0697E /* NoticeViewController.m */; };
		3D9AF6291517767400B0697E /* TKAlertCenter.m in Sources */ = {isa = PBXBuildFile; fileRef = 3D9AF6281517767400B0697E /* TKAlertCenter.m */; };
		3D9AF62C151776E000B0697E /* UIView+TKCategory.m in Sources */ = {isa = PBXBuildFile; fileRef = 3D9AF62B151776E000B0697E /* UIView+TKCategory.m */; };
/* End PBXBuildFile section */

/* Begin PBXFileReference section */
		3D12B03115078ECA00243103 /* ZhsunIt.app */ = {isa = PBXFileReference; explicitFileType = wrapper.application; includeInIndex = 0; path = ZhsunIt.app; sourceTree = BUILT_PRODUCTS_DIR; };
		3D12B03515078ECA00243103 /* UIKit.framework */ = {isa = PBXFileReference; lastKnownFileType = wrapper.framework; name = UIKit.framework; path = System/Library/Frameworks/UIKit.framework; sourceTree = SDKROOT; };
		3D12B03715078ECA00243103 /* Foundation.framework */ = {isa = PBXFileReference; lastKnownFileType = wrapper.framework; name = Foundation.framework; path = System/Library/Frameworks/Foundation.framework; sourceTree = SDKROOT; };
		3D12B03915078ECA00243103 /* CoreGraphics.framework */ = {isa = PBXFileReference; lastKnownFileType = wrapper.framework; name = CoreGraphics.framework; path = System/Library/Frameworks/CoreGraphics.framework; sourceTree = SDKROOT; };
		3D12B03D15078ECA00243103 /* ZhsunIt-Info.plist */ = {isa = PBXFileReference; lastKnownFileType = text.plist.xml; path = "ZhsunIt-Info.plist"; sourceTree = "<group>"; };
		3D12B03F15078ECA00243103 /* en */ = {isa = PBXFileReference; lastKnownFileType = text.plist.strings; name = en; path = en.lproj/InfoPlist.strings; sourceTree = "<group>"; };
		3D12B04115078ECA00243103 /* main.m */ = {isa = PBXFileReference; lastKnownFileType = sourcecode.c.objc; path = main.m; sourceTree = "<group>"; };
		3D12B04315078ECA00243103 /* ZhsunIt-Prefix.pch */ = {isa = PBXFileReference; lastKnownFileType = sourcecode.c.h; path = "ZhsunIt-Prefix.pch"; sourceTree = "<group>"; };
		3D12B04415078ECA00243103 /* AppDelegate.h */ = {isa = PBXFileReference; lastKnownFileType = sourcecode.c.h; path = AppDelegate.h; sourceTree = "<group>"; };
		3D12B04515078ECA00243103 /* AppDelegate.m */ = {isa = PBXFileReference; lastKnownFileType = sourcecode.c.objc; path = AppDelegate.m; sourceTree = "<group>"; };
		3D12B04815078ECA00243103 /* en */ = {isa = PBXFileReference; lastKnownFileType = file.storyboard; name = en; path = en.lproj/MainStoryboard.storyboard; sourceTree = "<group>"; };
		3D12B04A15078ECA00243103 /* ViewController.h */ = {isa = PBXFileReference; lastKnownFileType = sourcecode.c.h; path = ViewController.h; sourceTree = "<group>"; };
		3D12B04B15078ECA00243103 /* ViewController.m */ = {isa = PBXFileReference; lastKnownFileType = sourcecode.c.objc; path = ViewController.m; sourceTree = "<group>"; };
		3D12B05315079D8A00243103 /* Default.png */ = {isa = PBXFileReference; lastKnownFileType = image.png; path = Default.png; sourceTree = "<group>"; };
		3D2CC832150FAAB00026930F /* Untitled-1.png */ = {isa = PBXFileReference; lastKnownFileType = image.png; path = "Untitled-1.png"; sourceTree = "<group>"; };
		3D713C35151FCC2A0008EA10 /* user.png */ = {isa = PBXFileReference; lastKnownFileType = image.png; path = user.png; sourceTree = "<group>"; };
		3D713C38151FCCF10008EA10 /* MBProgressHUD.h */ = {isa = PBXFileReference; fileEncoding = 4; lastKnownFileType = sourcecode.c.h; path = MBProgressHUD.h; sourceTree = "<group>"; };
		3D713C39151FCCF10008EA10 /* MBProgressHUD.m */ = {isa = PBXFileReference; fileEncoding = 4; lastKnownFileType = sourcecode.c.objc; path = MBProgressHUD.m; sourceTree = "<group>"; };
		3D9142CE150F95FF00351DB9 /* home_icon&48.png */ = {isa = PBXFileReference; lastKnownFileType = image.png; path = "home_icon&48.png"; sourceTree = "<group>"; };
		3D9142D0150F96CE00351DB9 /* cube_icon&48.png */ = {isa = PBXFileReference; lastKnownFileType = image.png; path = "cube_icon&48.png"; sourceTree = "<group>"; };
		3D9142D1150F96CE00351DB9 /* globe_3_icon&48.png */ = {isa = PBXFileReference; lastKnownFileType = image.png; path = "globe_3_icon&48.png"; sourceTree = "<group>"; };
		3D9142D2150F96CE00351DB9 /* lightbulb_icon&48.png */ = {isa = PBXFileReference; lastKnownFileType = image.png; path = "lightbulb_icon&48.png"; sourceTree = "<group>"; };
		3D9142D3150F96CE00351DB9 /* mail_icon&48.png */ = {isa = PBXFileReference; lastKnownFileType = image.png; path = "mail_icon&48.png"; sourceTree = "<group>"; };
		3D9142D4150F96CE00351DB9 /* net_comp_icon&48.png */ = {isa = PBXFileReference; lastKnownFileType = image.png; path = "net_comp_icon&48.png"; sourceTree = "<group>"; };
		3D9142D5150F96CE00351DB9 /* shield_icon&48.png */ = {isa = PBXFileReference; lastKnownFileType = image.png; path = "shield_icon&48.png"; sourceTree = "<group>"; };
		3D9142D6150F96CE00351DB9 /* users_icon&48.png */ = {isa = PBXFileReference; lastKnownFileType = image.png; path = "users_icon&48.png"; sourceTree = "<group>"; };
		3D9142D7150F96CE00351DB9 /* wrench_plus_2_icon&48.png */ = {isa = PBXFileReference; lastKnownFileType = image.png; path = "wrench_plus_2_icon&48.png"; sourceTree = "<group>"; };
		3D9142D8150F96CE00351DB9 /* zoom_icon&48.png */ = {isa = PBXFileReference; lastKnownFileType = image.png; path = "zoom_icon&48.png"; sourceTree = "<group>"; };
		3D9142E2150F97F400351DB9 /* connect_icon&16.png */ = {isa = PBXFileReference; lastKnownFileType = image.png; path = "connect_icon&16.png"; sourceTree = "<group>"; };
		3D9142E3150F97F400351DB9 /* connect_icon&24.png */ = {isa = PBXFileReference; lastKnownFileType = image.png; path = "connect_icon&24.png"; sourceTree = "<group>"; };
		3D9AF55B15176CEE00B0697E /* NoticeViewController.h */ = {isa = PBXFileReference; fileEncoding = 4; lastKnownFileType = sourcecode.c.h; path = NoticeViewController.h; sourceTree = "<group>"; };
		3D9AF55C15176CEE00B0697E /* NoticeViewController.m */ = {isa = PBXFileReference; fileEncoding = 4; lastKnownFileType = sourcecode.c.objc; path = NoticeViewController.m; sourceTree = "<group>"; };
		3D9AF6271517767400B0697E /* TKAlertCenter.h */ = {isa = PBXFileReference; fileEncoding = 4; lastKnownFileType = sourcecode.c.h; path = TKAlertCenter.h; sourceTree = "<group>"; };
		3D9AF6281517767400B0697E /* TKAlertCenter.m */ = {isa = PBXFileReference; fileEncoding = 4; lastKnownFileType = sourcecode.c.objc; path = TKAlertCenter.m; sourceTree = "<group>"; };
		3D9AF62A151776E000B0697E /* UIView+TKCategory.h */ = {isa = PBXFileReference; fileEncoding = 4; lastKnownFileType = sourcecode.c.h; path = "UIView+TKCategory.h"; sourceTree = "<group>"; };
		3D9AF62B151776E000B0697E /* UIView+TKCategory.m */ = {isa = PBXFileReference; fileEncoding = 4; lastKnownFileType = sourcecode.c.objc; path = "UIView+TKCategory.m"; sourceTree = "<group>"; };
/* End PBXFileReference section */

/* Begin PBXFrameworksBuildPhase section */
		3D12B02E15078ECA00243103 /* Frameworks */ = {
			isa = PBXFrameworksBuildPhase;
			buildActionMask = 2147483647;
			files = (
				3D12B03615078ECA00243103 /* UIKit.framework in Frameworks */,
				3D12B03815078ECA00243103 /* Foundation.framework in Frameworks */,
				3D12B03A15078ECA00243103 /* CoreGraphics.framework in Frameworks */,
			);
			runOnlyForDeploymentPostprocessing = 0;
		};
/* End PBXFrameworksBuildPhase section */

/* Begin PBXGroup section */
		3D12B02615078ECA00243103 = {
			isa = PBXGroup;
			children = (
				3D9AF56815176FAC00B0697E /* Lib */,
				3D12B05215079D7000243103 /* Image */,
				3D12B03B15078ECA00243103 /* ZhsunIt */,
				3D12B03415078ECA00243103 /* Frameworks */,
				3D12B03215078ECA00243103 /* Products */,
			);
			sourceTree = "<group>";
		};
		3D12B03215078ECA00243103 /* Products */ = {
			isa = PBXGroup;
			children = (
				3D12B03115078ECA00243103 /* ZhsunIt.app */,
			);
			name = Products;
			sourceTree = "<group>";
		};
		3D12B03415078ECA00243103 /* Frameworks */ = {
			isa = PBXGroup;
			children = (
				3D12B03515078ECA00243103 /* UIKit.framework */,
				3D12B03715078ECA00243103 /* Foundation.framework */,
				3D12B03915078ECA00243103 /* CoreGraphics.framework */,
			);
			name = Frameworks;
			sourceTree = "<group>";
		};
		3D12B03B15078ECA00243103 /* ZhsunIt */ = {
			isa = PBXGroup;
			children = (
				3D12B04415078ECA00243103 /* AppDelegate.h */,
				3D12B04515078ECA00243103 /* AppDelegate.m */,
				3D12B04715078ECA00243103 /* MainStoryboard.storyboard */,
				3D12B04A15078ECA00243103 /* ViewController.h */,
				3D12B04B15078ECA00243103 /* ViewController.m */,
				3D9AF55B15176CEE00B0697E /* NoticeViewController.h */,
				3D9AF55C15176CEE00B0697E /* NoticeViewController.m */,
				3D12B03C15078ECA00243103 /* Supporting Files */,
			);
			path = ZhsunIt;
			sourceTree = "<group>";
		};
		3D12B03C15078ECA00243103 /* Supporting Files */ = {
			isa = PBXGroup;
			children = (
				3D12B03D15078ECA00243103 /* ZhsunIt-Info.plist */,
				3D12B03E15078ECA00243103 /* InfoPlist.strings */,
				3D12B04115078ECA00243103 /* main.m */,
				3D12B04315078ECA00243103 /* ZhsunIt-Prefix.pch */,
			);
			name = "Supporting Files";
			sourceTree = "<group>";
		};
		3D12B05215079D7000243103 /* Image */ = {
			isa = PBXGroup;
			children = (
				3D713C33151FCC0E0008EA10 /* PNG */,
				3D2CC832150FAAB00026930F /* Untitled-1.png */,
				3D9142E2150F97F400351DB9 /* connect_icon&16.png */,
				3D9142E3150F97F400351DB9 /* connect_icon&24.png */,
				3D9142D0150F96CE00351DB9 /* cube_icon&48.png */,
				3D9142D1150F96CE00351DB9 /* globe_3_icon&48.png */,
				3D9142D2150F96CE00351DB9 /* lightbulb_icon&48.png */,
				3D9142D3150F96CE00351DB9 /* mail_icon&48.png */,
				3D9142D4150F96CE00351DB9 /* net_comp_icon&48.png */,
				3D9142D5150F96CE00351DB9 /* shield_icon&48.png */,
				3D9142D6150F96CE00351DB9 /* users_icon&48.png */,
				3D9142D7150F96CE00351DB9 /* wrench_plus_2_icon&48.png */,
				3D9142D8150F96CE00351DB9 /* zoom_icon&48.png */,
				3D9142CE150F95FF00351DB9 /* home_icon&48.png */,
				3D12B05315079D8A00243103 /* Default.png */,
			);
			name = Image;
			sourceTree = "<group>";
		};
		3D713C33151FCC0E0008EA10 /* PNG */ = {
			isa = PBXGroup;
			children = (
				3D713C35151FCC2A0008EA10 /* user.png */,
			);
			name = PNG;
			sourceTree = "<group>";
		};
		3D713C37151FCCD70008EA10 /* CLASS */ = {
			isa = PBXGroup;
			children = (
				3D713C38151FCCF10008EA10 /* MBProgressHUD.h */,
				3D713C39151FCCF10008EA10 /* MBProgressHUD.m */,
			);
			name = CLASS;
			sourceTree = "<group>";
		};
		3D9AF56815176FAC00B0697E /* Lib */ = {
			isa = PBXGroup;
			children = (
				3D713C37151FCCD70008EA10 /* CLASS */,
				3D9AF62A151776E000B0697E /* UIView+TKCategory.h */,
				3D9AF62B151776E000B0697E /* UIView+TKCategory.m */,
				3D9AF6271517767400B0697E /* TKAlertCenter.h */,
				3D9AF6281517767400B0697E /* TKAlertCenter.m */,
			);
			name = Lib;
			sourceTree = "<group>";
		};
/* End PBXGroup section */

/* Begin PBXNativeTarget section */
		3D12B03015078ECA00243103 /* ZhsunIt */ = {
			isa = PBXNativeTarget;
			buildConfigurationList = 3D12B04F15078ECA00243103 /* Build configuration list for PBXNativeTarget "ZhsunIt" */;
			buildPhases = (
				3D12B02D15078ECA00243103 /* Sources */,
				3D12B02E15078ECA00243103 /* Frameworks */,
				3D12B02F15078ECA00243103 /* Resources */,
			);
			buildRules = (
			);
			dependencies = (
			);
			name = ZhsunIt;
			productName = ZhsunIt;
			productReference = 3D12B03115078ECA00243103 /* ZhsunIt.app */;
			productType = "com.apple.product-type.application";
		};
/* End PBXNativeTarget section */

/* Begin PBXProject section */
		3D12B02815078ECA00243103 /* Project object */ = {
			isa = PBXProject;
			attributes = {
				LastUpgradeCheck = 0430;
			};
			buildConfigurationList = 3D12B02B15078ECA00243103 /* Build configuration list for PBXProject "ZhsunIt" */;
			compatibilityVersion = "Xcode 3.2";
			developmentRegion = English;
			hasScannedForEncodings = 0;
			knownRegions = (
				en,
			);
			mainGroup = 3D12B02615078ECA00243103;
			productRefGroup = 3D12B03215078ECA00243103 /* Products */;
			projectDirPath = "";
			projectRoot = "";
			targets = (
				3D12B03015078ECA00243103 /* ZhsunIt */,
			);
		};
/* End PBXProject section */

/* Begin PBXResourcesBuildPhase section */
		3D12B02F15078ECA00243103 /* Resources */ = {
			isa = PBXResourcesBuildPhase;
			buildActionMask = 2147483647;
			files = (
				3D12B04015078ECA00243103 /* InfoPlist.strings in Resources */,
				3D12B04915078ECA00243103 /* MainStoryboard.storyboard in Resources */,
				3D12B05415079D8A00243103 /* Default.png in Resources */,
				3D9142CF150F95FF00351DB9 /* home_icon&48.png in Resources */,
				3D9142D9150F96CE00351DB9 /* cube_icon&48.png in Resources */,
				3D9142DA150F96CE00351DB9 /* globe_3_icon&48.png in Resources */,
				3D9142DB150F96CE00351DB9 /* lightbulb_icon&48.png in Resources */,
				3D9142DC150F96CE00351DB9 /* mail_icon&48.png in Resources */,
				3D9142DD150F96CE00351DB9 /* net_comp_icon&48.png in Resources */,
				3D9142DE150F96CE00351DB9 /* shield_icon&48.png in Resources */,
				3D9142DF150F96CE00351DB9 /* users_icon&48.png in Resources */,
				3D9142E0150F96CE00351DB9 /* wrench_plus_2_icon&48.png in Resources */,
				3D9142E1150F96CE00351DB9 /* zoom_icon&48.png in Resources */,
				3D9142E4150F97F400351DB9 /* connect_icon&16.png in Resources */,
				3D9142E5150F97F400351DB9 /* connect_icon&24.png in Resources */,
				3D2CC833150FAAB00026930F /* Untitled-1.png in Resources */,
				3D713C36151FCC2A0008EA10 /* user.png in Resources */,
			);
			runOnlyForDeploymentPostprocessing = 0;
		};
/* End PBXResourcesBuildPhase section */

/* Begin PBXSourcesBuildPhase section */
		3D12B02D15078ECA00243103 /* Sources */ = {
			isa = PBXSourcesBuildPhase;
			buildActionMask = 2147483647;
			files = (
				3D12B04215078ECA00243103 /* main.m in Sources */,
				3D12B04615078ECA00243103 /* AppDelegate.m in Sources */,
				3D12B04C15078ECA00243103 /* ViewController.m in Sources */,
				3D9AF55D15176CEE00B0697E /* NoticeViewController.m in Sources */,
				3D9AF6291517767400B0697E /* TKAlertCenter.m in Sources */,
				3D9AF62C151776E000B0697E /* UIView+TKCategory.m in Sources */,
				3D713C3A151FCCF10008EA10 /* MBProgressHUD.m in Sources */,
			);
			runOnlyForDeploymentPostprocessing = 0;
		};
/* End PBXSourcesBuildPhase section */

/* Begin PBXVariantGroup section */
		3D12B03E15078ECA00243103 /* InfoPlist.strings */ = {
			isa = PBXVariantGroup;
			children = (
				3D12B03F15078ECA00243103 /* en */,
			);
			name = InfoPlist.strings;
			sourceTree = "<group>";
		};
		3D12B04715078ECA00243103 /* MainStoryboard.storyboard */ = {
			isa = PBXVariantGroup;
			children = (
				3D12B04815078ECA00243103 /* en */,
			);
			name = MainStoryboard.storyboard;
			sourceTree = "<group>";
		};
/* End PBXVariantGroup section */

/* Begin XCBuildConfiguration section */
		3D12B04D15078ECA00243103 /* Debug */ = {
			isa = XCBuildConfiguration;
			buildSettings = {
				ALWAYS_SEARCH_USER_PATHS = NO;
				ARCHS = "$(ARCHS_STANDARD_32_BIT)";
				CODE_SIGN_IDENTITY = "iPhone Developer: qi zhang (Q4E67FN8CU)";
				"CODE_SIGN_IDENTITY[sdk=iphoneos*]" = "iPhone Developer";
				COPY_PHASE_STRIP = NO;
				GCC_C_LANGUAGE_STANDARD = gnu99;
				GCC_DYNAMIC_NO_PIC = NO;
				GCC_OPTIMIZATION_LEVEL = 0;
				GCC_PREPROCESSOR_DEFINITIONS = (
					"DEBUG=1",
					"$(inherited)",
				);
				GCC_SYMBOLS_PRIVATE_EXTERN = NO;
				GCC_VERSION = com.apple.compilers.llvm.clang.1_0;
				GCC_WARN_ABOUT_MISSING_PROTOTYPES = YES;
				GCC_WARN_ABOUT_RETURN_TYPE = YES;
				GCC_WARN_UNUSED_VARIABLE = YES;
				IPHONEOS_DEPLOYMENT_TARGET = 5.1;
				PROVISIONING_PROFILE = "A4BE8C3E-67EA-407C-8DFF-65F5D601E49E";
				SDKROOT = iphoneos;
			};
			name = Debug;
		};
		3D12B04E15078ECA00243103 /* Release */ = {
			isa = XCBuildConfiguration;
			buildSettings = {
				ALWAYS_SEARCH_USER_PATHS = NO;
				ARCHS = "$(ARCHS_STANDARD_32_BIT)";
				CODE_SIGN_IDENTITY = "iPhone Developer: qi zhang (Q4E67FN8CU)";
				"CODE_SIGN_IDENTITY[sdk=iphoneos*]" = "iPhone Developer";
				COPY_PHASE_STRIP = YES;
				GCC_C_LANGUAGE_STANDARD = gnu99;
				GCC_VERSION = com.apple.compilers.llvm.clang.1_0;
				GCC_WARN_ABOUT_MISSING_PROTOTYPES = YES;
				GCC_WARN_ABOUT_RETURN_TYPE = YES;
				GCC_WARN_UNUSED_VARIABLE = YES;
				IPHONEOS_DEPLOYMENT_TARGET = 5.1;
				OTHER_CFLAGS = "-DNS_BLOCK_ASSERTIONS=1";
				PROVISIONING_PROFILE = "A4BE8C3E-67EA-407C-8DFF-65F5D601E49E";
				SDKROOT = iphoneos;
				VALIDATE_PRODUCT = YES;
			};
			name = Release;
		};
		3D12B05015078ECA00243103 /* Debug */ = {
			isa = XCBuildConfiguration;
			buildSettings = {
				GCC_PRECOMPILE_PREFIX_HEADER = YES;
				GCC_PREFIX_HEADER = "ZhsunIt/ZhsunIt-Prefix.pch";
				INFOPLIST_FILE = "ZhsunIt/ZhsunIt-Info.plist";
				IPHONEOS_DEPLOYMENT_TARGET = 5.1;
				PRODUCT_NAME = "$(TARGET_NAME)";
				WRAPPER_EXTENSION = app;
			};
			name = Debug;
		};
		3D12B05115078ECA00243103 /* Release */ = {
			isa = XCBuildConfiguration;
			buildSettings = {
				GCC_PRECOMPILE_PREFIX_HEADER = YES;
				GCC_PREFIX_HEADER = "ZhsunIt/ZhsunIt-Prefix.pch";
				INFOPLIST_FILE = "ZhsunIt/ZhsunIt-Info.plist";
				IPHONEOS_DEPLOYMENT_TARGET = 5.1;
				PRODUCT_NAME = "$(TARGET_NAME)";
				WRAPPER_EXTENSION = app;
			};
			name = Release;
		};
/* End XCBuildConfiguration section */

/* Begin XCConfigurationList section */
		3D12B02B15078ECA00243103 /* Build configuration list for PBXProject "ZhsunIt" */ = {
			isa = XCConfigurationList;
			buildConfigurations = (
				3D12B04D15078ECA00243103 /* Debug */,
				3D12B04E15078ECA00243103 /* Release */,
			);
			defaultConfigurationIsVisible = 0;
			defaultConfigurationName = Release;
		};
		3D12B04F15078ECA00243103 /* Build configuration list for PBXNativeTarget "ZhsunIt" */ = {
			isa = XCConfigurationList;
			buildConfigurations = (
				3D12B05015078ECA00243103 /* Debug */,
				3D12B05115078ECA00243103 /* Release */,
			);
			defaultConfigurationIsVisible = 0;
			defaultConfigurationName = Release;
		};
/* End XCConfigurationList section */
	};
	rootObject = 3D12B02815078ECA00243103 /* Project object */;
}
